// !$*UTF8*$!
{
	archiveVersion = 1;
	classes = {
	};
	objectVersion = 77;
	objects = {

/* Begin PBXContainerItemProxy section */
		5FB8BD032D5B9C600068BC68 /* PBXContainerItemProxy */ = {
			isa = PBXContainerItemProxy;
			containerPortal = 5FB8BCE92D5B9C5E0068BC68 /* Project object */;
			proxyType = 1;
			remoteGlobalIDString = 5FB8BCF02D5B9C5E0068BC68;
			remoteInfo = NightWatch;
		};
		5FB8BD0D2D5B9C600068BC68 /* PBXContainerItemProxy */ = {
			isa = PBXContainerItemProxy;
			containerPortal = 5FB8BCE92D5B9C5E0068BC68 /* Project object */;
			proxyType = 1;
			remoteGlobalIDString = 5FB8BCF02D5B9C5E0068BC68;
			remoteInfo = NightWatch;
		};
/* End PBXContainerItemProxy section */

/* Begin PBXFileReference section */
		5FB8BCF12D5B9C5E0068BC68 /* NightWatch.app */ = {isa = PBXFileReference; explicitFileType = wrapper.application; includeInIndex = 0; path = NightWatch.app; sourceTree = BUILT_PRODUCTS_DIR; };
		5FB8BD022D5B9C600068BC68 /* NightWatchTests.xctest */ = {isa = PBXFileReference; explicitFileType = wrapper.cfbundle; includeInIndex = 0; path = NightWatchTests.xctest; sourceTree = BUILT_PRODUCTS_DIR; };
		5FB8BD0C2D5B9C600068BC68 /* NightWatchUITests.xctest */ = {isa = PBXFileReference; explicitFileType = wrapper.cfbundle; includeInIndex = 0; path = NightWatchUITests.xctest; sourceTree = BUILT_PRODUCTS_DIR; };
/* End PBXFileReference section */

/* Begin PBXFileSystemSynchronizedRootGroup section */
		5FB8BCF32D5B9C5E0068BC68 /* NightWatch */ = {
			isa = PBXFileSystemSynchronizedRootGroup;
			path = NightWatch;
			sourceTree = "<group>";
		};
		5FB8BD052D5B9C600068BC68 /* NightWatchTests */ = {
			isa = PBXFileSystemSynchronizedRootGroup;
			path = NightWatchTests;
			sourceTree = "<group>";
		};
		5FB8BD0F2D5B9C600068BC68 /* NightWatchUITests */ = {
			isa = PBXFileSystemSynchronizedRootGroup;
			path = NightWatchUITests;
			sourceTree = "<group>";
		};
/* End PBXFileSystemSynchronizedRootGroup section */

/* Begin PBXFrameworksBuildPhase section */
		5FB8BCEE2D5B9C5E0068BC68 /* Frameworks */ = {
			isa = PBXFrameworksBuildPhase;
			buildActionMask = 2147483647;
			files = (
			);
			runOnlyForDeploymentPostprocessing = 0;
		};
		5FB8BCFF2D5B9C600068BC68 /* Frameworks */ = {
			isa = PBXFrameworksBuildPhase;
			buildActionMask = 2147483647;
			files = (
			);
			runOnlyForDeploymentPostprocessing = 0;
		};
		5FB8BD092D5B9C600068BC68 /* Frameworks */ = {
			isa = PBXFrameworksBuildPhase;
			buildActionMask = 2147483647;
			files = (
			);
			runOnlyForDeploymentPostprocessing = 0;
		};
/* End PBXFrameworksBuildPhase section */

/* Begin PBXGroup section */
		5FB8BCE82D5B9C5E0068BC68 = {
			isa = PBXGroup;
			children = (
				5FB8BCF32D5B9C5E0068BC68 /* NightWatch */,
				5FB8BD052D5B9C600068BC68 /* NightWatchTests */,
				5FB8BD0F2D5B9C600068BC68 /* NightWatchUITests */,
				5FB8BCF22D5B9C5E0068BC68 /* Products */,
			);
			sourceTree = "<group>";
		};
		5FB8BCF22D5B9C5E0068BC68 /* Products */ = {
			isa = PBXGroup;
			children = (
				5FB8BCF12D5B9C5E0068BC68 /* NightWatch.app */,
				5FB8BD022D5B9C600068BC68 /* NightWatchTests.xctest */,
				5FB8BD0C2D5B9C600068BC68 /* NightWatchUITests.xctest */,
			);
			name = Products;
			sourceTree = "<group>";
		};
/* End PBXGroup section */

/* Begin PBXNativeTarget section */
		5FB8BCF02D5B9C5E0068BC68 /* NightWatch */ = {
			isa = PBXNativeTarget;
			buildConfigurationList = 5FB8BD162D5B9C600068BC68 /* Build configuration list for PBXNativeTarget "NightWatch" */;
			buildPhases = (
				5FB8BCED2D5B9C5E0068BC68 /* Sources */,
				5FB8BCEE2D5B9C5E0068BC68 /* Frameworks */,
				5FB8BCEF2D5B9C5E0068BC68 /* Resources */,
			);
			buildRules = (
			);
			dependencies = (
			);
			fileSystemSynchronizedGroups = (
				5FB8BCF32D5B9C5E0068BC68 /* NightWatch */,
			);
			name = NightWatch;
			packageProductDependencies = (
			);
			productName = NightWatch;
			productReference = 5FB8BCF12D5B9C5E0068BC68 /* NightWatch.app */;
			productType = "com.apple.product-type.application";
		};
		5FB8BD012D5B9C600068BC68 /* NightWatchTests */ = {
			isa = PBXNativeTarget;
			buildConfigurationList = 5FB8BD192D5B9C600068BC68 /* Build configuration list for PBXNativeTarget "NightWatchTests" */;
			buildPhases = (
				5FB8BCFE2D5B9C600068BC68 /* Sources */,
				5FB8BCFF2D5B9C600068BC68 /* Frameworks */,
				5FB8BD002D5B9C600068BC68 /* Resources */,
			);
			buildRules = (
			);
			dependencies = (
				5FB8BD042D5B9C600068BC68 /* PBXTargetDependency */,
			);
			fileSystemSynchronizedGroups = (
				5FB8BD052D5B9C600068BC68 /* NightWatchTests */,
			);
			name = NightWatchTests;
			packageProductDependencies = (
			);
			productName = NightWatchTests;
			productReference = 5FB8BD022D5B9C600068BC68 /* NightWatchTests.xctest */;
			productType = "com.apple.product-type.bundle.unit-test";
		};
		5FB8BD0B2D5B9C600068BC68 /* NightWatchUITests */ = {
			isa = PBXNativeTarget;
			buildConfigurationList = 5FB8BD1C2D5B9C600068BC68 /* Build configuration list for PBXNativeTarget "NightWatchUITests" */;
			buildPhases = (
				5FB8BD082D5B9C600068BC68 /* Sources */,
				5FB8BD092D5B9C600068BC68 /* Frameworks */,
				5FB8BD0A2D5B9C600068BC68 /* Resources */,
			);
			buildRules = (
			);
			dependencies = (
				5FB8BD0E2D5B9C600068BC68 /* PBXTargetDependency */,
			);
			fileSystemSynchronizedGroups = (
				5FB8BD0F2D5B9C600068BC68 /* NightWatchUITests */,
			);
			name = NightWatchUITests;
			packageProductDependencies = (
			);
			productName = NightWatchUITests;
			productReference = 5FB8BD0C2D5B9C600068BC68 /* NightWatchUITests.xctest */;
			productType = "com.apple.product-type.bundle.ui-testing";
		};
/* End PBXNativeTarget section */

/* Begin PBXProject section */
		5FB8BCE92D5B9C5E0068BC68 /* Project object */ = {
			isa = PBXProject;
			attributes = {
				BuildIndependentTargetsInParallel = 1;
				LastSwiftUpdateCheck = 1620;
				LastUpgradeCheck = 1620;
				TargetAttributes = {
					5FB8BCF02D5B9C5E0068BC68 = {
						CreatedOnToolsVersion = 16.2;
					};
					5FB8BD012D5B9C600068BC68 = {
						CreatedOnToolsVersion = 16.2;
						TestTargetID = 5FB8BCF02D5B9C5E0068BC68;
					};
					5FB8BD0B2D5B9C600068BC68 = {
						CreatedOnToolsVersion = 16.2;
						TestTargetID = 5FB8BCF02D5B9C5E0068BC68;
					};
				};
			};
			buildConfigurationList = 5FB8BCEC2D5B9C5E0068BC68 /* Build configuration list for PBXProject "NightWatch" */;
			developmentRegion = en;
			hasScannedForEncodings = 0;
			knownRegions = (
				en,
				Base,
			);
			mainGroup = 5FB8BCE82D5B9C5E0068BC68;
			minimizedProjectReferenceProxies = 1;
			preferredProjectObjectVersion = 77;
			productRefGroup = 5FB8BCF22D5B9C5E0068BC68 /* Products */;
			projectDirPath = "";
			projectRoot = "";
			targets = (
				5FB8BCF02D5B9C5E0068BC68 /* NightWatch */,
				5FB8BD012D5B9C600068BC68 /* NightWatchTests */,
				5FB8BD0B2D5B9C600068BC68 /* NightWatchUITests */,
			);
		};
/* End PBXProject section */

/* Begin PBXResourcesBuildPhase section */
		5FB8BCEF2D5B9C5E0068BC68 /* Resources */ = {
			isa = PBXResourcesBuildPhase;
			buildActionMask = 2147483647;
			files = (
			);
			runOnlyForDeploymentPostprocessing = 0;
		};
		5FB8BD002D5B9C600068BC68 /* Resources */ = {
			isa = PBXResourcesBuildPhase;
			buildActionMask = 2147483647;
			files = (
			);
			runOnlyForDeploymentPostprocessing = 0;
		};
		5FB8BD0A2D5B9C600068BC68 /* Resources */ = {
			isa = PBXResourcesBuildPhase;
			buildActionMask = 2147483647;
			files = (
			);
			runOnlyForDeploymentPostprocessing = 0;
		};
/* End PBXResourcesBuildPhase section */

/* Begin PBXSourcesBuildPhase section */
		5FB8BCED2D5B9C5E0068BC68 /* Sources */ = {
			isa = PBXSourcesBuildPhase;
			buildActionMask = 2147483647;
			files = (
			);
			runOnlyForDeploymentPostprocessing = 0;
		};
		5FB8BCFE2D5B9C600068BC68 /* Sources */ = {
			isa = PBXSourcesBuildPhase;
			buildActionMask = 2147483647;
			files = (
			);
			runOnlyForDeploymentPostprocessing = 0;
		};
		5FB8BD082D5B9C600068BC68 /* Sources */ = {
			isa = PBXSourcesBuildPhase;
			buildActionMask = 2147483647;
			files = (
			);
			runOnlyForDeploymentPostprocessing = 0;
		};
/* End PBXSourcesBuildPhase section */

/* Begin PBXTargetDependency section */
		5FB8BD042D5B9C600068BC68 /* PBXTargetDependency */ = {
			isa = PBXTargetDependency;
			target = 5FB8BCF02D5B9C5E0068BC68 /* NightWatch */;
			targetProxy = 5FB8BD032D5B9C600068BC68 /* PBXContainerItemProxy */;
		};
		5FB8BD0E2D5B9C600068BC68 /* PBXTargetDependency */ = {
			isa = PBXTargetDependency;
			target = 5FB8BCF02D5B9C5E0068BC68 /* NightWatch */;
			targetProxy = 5FB8BD0D2D5B9C600068BC68 /* PBXContainerItemProxy */;
		};
/* End PBXTargetDependency section */

/* Begin XCBuildConfiguration section */
		5FB8BD142D5B9C600068BC68 /* Debug */ = {
			isa = XCBuildConfiguration;
			buildSettings = {
				ALWAYS_SEARCH_USER_PATHS = NO;
				ASSETCATALOG_COMPILER_GENERATE_SWIFT_ASSET_SYMBOL_EXTENSIONS = YES;
				CLANG_ANALYZER_NONNULL = YES;
				CLANG_ANALYZER_NUMBER_OBJECT_CONVERSION = YES_AGGRESSIVE;
				CLANG_CXX_LANGUAGE_STANDARD = "gnu++20";
				CLANG_ENABLE_MODULES = YES;
				CLANG_ENABLE_OBJC_ARC = YES;
				CLANG_ENABLE_OBJC_WEAK = YES;
				CLANG_WARN_BLOCK_CAPTURE_AUTORELEASING = YES;
				CLANG_WARN_BOOL_CONVERSION = YES;
				CLANG_WARN_COMMA = YES;
				CLANG_WARN_CONSTANT_CONVERSION = YES;
				CLANG_WARN_DEPRECATED_OBJC_IMPLEMENTATIONS = YES;
				CLANG_WARN_DIRECT_OBJC_ISA_USAGE = YES_ERROR;
				CLANG_WARN_DOCUMENTATION_COMMENTS = YES;
				CLANG_WARN_EMPTY_BODY = YES;
				CLANG_WARN_ENUM_CONVERSION = YES;
				CLANG_WARN_INFINITE_RECURSION = YES;
				CLANG_WARN_INT_CONVERSION = YES;
				CLANG_WARN_NON_LITERAL_NULL_CONVERSION = YES;
				CLANG_WARN_OBJC_IMPLICIT_RETAIN_SELF = YES;
				CLANG_WARN_OBJC_LITERAL_CONVERSION = YES;
				CLANG_WARN_OBJC_ROOT_CLASS = YES_ERROR;
				CLANG_WARN_QUOTED_INCLUDE_IN_FRAMEWORK_HEADER = YES;
				CLANG_WARN_RANGE_LOOP_ANALYSIS = YES;
				CLANG_WARN_STRICT_PROTOTYPES = YES;
				CLANG_WARN_SUSPICIOUS_MOVE = YES;
				CLANG_WARN_UNGUARDED_AVAILABILITY = YES_AGGRESSIVE;
				CLANG_WARN_UNREACHABLE_CODE = YES;
				CLANG_WARN__DUPLICATE_METHOD_MATCH = YES;
				COPY_PHASE_STRIP = NO;
				DEBUG_INFORMATION_FORMAT = dwarf;
				ENABLE_STRICT_OBJC_MSGSEND = YES;
				ENABLE_TESTABILITY = YES;
				ENABLE_USER_SCRIPT_SANDBOXING = YES;
				GCC_C_LANGUAGE_STANDARD = gnu17;
				GCC_DYNAMIC_NO_PIC = NO;
				GCC_NO_COMMON_BLOCKS = YES;
				GCC_OPTIMIZATION_LEVEL = 0;
				GCC_PREPROCESSOR_DEFINITIONS = (
					"DEBUG=1",
					"$(inherited)",
				);
				GCC_WARN_64_TO_32_BIT_CONVERSION = YES;
				GCC_WARN_ABOUT_RETURN_TYPE = YES_ERROR;
				GCC_WARN_UNDECLARED_SELECTOR = YES;
				GCC_WARN_UNINITIALIZED_AUTOS = YES_AGGRESSIVE;
				GCC_WARN_UNUSED_FUNCTION = YES;
				GCC_WARN_UNUSED_VARIABLE = YES;
				LOCALIZATION_PREFERS_STRING_CATALOGS = YES;
				MACOSX_DEPLOYMENT_TARGET = 15.2;
				MTL_ENABLE_DEBUG_INFO = INCLUDE_SOURCE;
				MTL_FAST_MATH = YES;
				ONLY_ACTIVE_ARCH = YES;
				SDKROOT = macosx;
				SWIFT_ACTIVE_COMPILATION_CONDITIONS = "DEBUG $(inherited)";
				SWIFT_OPTIMIZATION_LEVEL = "-Onone";
			};
			name = Debug;
		};
		5FB8BD152D5B9C600068BC68 /* Release */ = {
			isa = XCBuildConfiguration;
			buildSettings = {
				ALWAYS_SEARCH_USER_PATHS = NO;
				ASSETCATALOG_COMPILER_GENERATE_SWIFT_ASSET_SYMBOL_EXTENSIONS = YES;
				CLANG_ANALYZER_NONNULL = YES;
				CLANG_ANALYZER_NUMBER_OBJECT_CONVERSION = YES_AGGRESSIVE;
				CLANG_CXX_LANGUAGE_STANDARD = "gnu++20";
				CLANG_ENABLE_MODULES = YES;
				CLANG_ENABLE_OBJC_ARC = YES;
				CLANG_ENABLE_OBJC_WEAK = YES;
				CLANG_WARN_BLOCK_CAPTURE_AUTORELEASING = YES;
				CLANG_WARN_BOOL_CONVERSION = YES;
				CLANG_WARN_COMMA = YES;
				CLANG_WARN_CONSTANT_CONVERSION = YES;
				CLANG_WARN_DEPRECATED_OBJC_IMPLEMENTATIONS = YES;
				CLANG_WARN_DIRECT_OBJC_ISA_USAGE = YES_ERROR;
				CLANG_WARN_DOCUMENTATION_COMMENTS = YES;
				CLANG_WARN_EMPTY_BODY = YES;
				CLANG_WARN_ENUM_CONVERSION = YES;
				CLANG_WARN_INFINITE_RECURSION = YES;
				CLANG_WARN_INT_CONVERSION = YES;
				CLANG_WARN_NON_LITERAL_NULL_CONVERSION = YES;
				CLANG_WARN_OBJC_IMPLICIT_RETAIN_SELF = YES;
				CLANG_WARN_OBJC_LITERAL_CONVERSION = YES;
				CLANG_WARN_OBJC_ROOT_CLASS = YES_ERROR;
				CLANG_WARN_QUOTED_INCLUDE_IN_FRAMEWORK_HEADER = YES;
				CLANG_WARN_RANGE_LOOP_ANALYSIS = YES;
				CLANG_WARN_STRICT_PROTOTYPES = YES;
				CLANG_WARN_SUSPICIOUS_MOVE = YES;
				CLANG_WARN_UNGUARDED_AVAILABILITY = YES_AGGRESSIVE;
				CLANG_WARN_UNREACHABLE_CODE = YES;
				CLANG_WARN__DUPLICATE_METHOD_MATCH = YES;
				COPY_PHASE_STRIP = NO;
				DEBUG_INFORMATION_FORMAT = "dwarf-with-dsym";
				ENABLE_NS_ASSERTIONS = NO;
				ENABLE_STRICT_OBJC_MSGSEND = YES;
				ENABLE_USER_SCRIPT_SANDBOXING = YES;
				GCC_C_LANGUAGE_STANDARD = gnu17;
				GCC_NO_COMMON_BLOCKS = YES;
				GCC_WARN_64_TO_32_BIT_CONVERSION = YES;
				GCC_WARN_ABOUT_RETURN_TYPE = YES_ERROR;
				GCC_WARN_UNDECLARED_SELECTOR = YES;
				GCC_WARN_UNINITIALIZED_AUTOS = YES_AGGRESSIVE;
				GCC_WARN_UNUSED_FUNCTION = YES;
				GCC_WARN_UNUSED_VARIABLE = YES;
				LOCALIZATION_PREFERS_STRING_CATALOGS = YES;
				MACOSX_DEPLOYMENT_TARGET = 15.2;
				MTL_ENABLE_DEBUG_INFO = NO;
				MTL_FAST_MATH = YES;
				SDKROOT = macosx;
				SWIFT_COMPILATION_MODE = wholemodule;
			};
			name = Release;
		};
		5FB8BD172D5B9C600068BC68 /* Debug */ = {
			isa = XCBuildConfiguration;
			buildSettings = {
				ASSETCATALOG_COMPILER_APPICON_NAME = AppIcon;
				ASSETCATALOG_COMPILER_GLOBAL_ACCENT_COLOR_NAME = AccentColor;
				CODE_SIGN_ENTITLEMENTS = NightWatch/NightWatch.entitlements;
				CODE_SIGN_STYLE = Automatic;
				COMBINE_HIDPI_IMAGES = YES;
				CURRENT_PROJECT_VERSION = 1;
				DEVELOPMENT_ASSET_PATHS = "\"NightWatch/Preview Content\"";
				ENABLE_PREVIEWS = YES;
				GENERATE_INFOPLIST_FILE = YES;
				INFOPLIST_KEY_NSHumanReadableCopyright = "";
				LD_RUNPATH_SEARCH_PATHS = (
					"$(inherited)",
					"@executable_path/../Frameworks",
				);
				MARKETING_VERSION = 1.0;
				PRODUCT_BUNDLE_IDENTIFIER = info.juanmendez.NightWatch;
				PRODUCT_NAME = "$(TARGET_NAME)";
				SUPPORTED_PLATFORMS = "iphoneos iphonesimulator macosx";
				SUPPORTS_MACCATALYST = NO;
				SWIFT_EMIT_LOC_STRINGS = YES;
				SWIFT_VERSION = 5.0;
				TARGETED_DEVICE_FAMILY = 1;
			};
			name = Debug;
		};
		5FB8BD182D5B9C600068BC68 /* Release */ = {
			isa = XCBuildConfiguration;
			buildSettings = {
				ASSETCATALOG_COMPILER_APPICON_NAME = AppIcon;
				ASSETCATALOG_COMPILER_GLOBAL_ACCENT_COLOR_NAME = AccentColor;
				CODE_SIGN_ENTITLEMENTS = NightWatch/NightWatch.entitlements;
				CODE_SIGN_STYLE = Automatic;
				COMBINE_HIDPI_IMAGES = YES;
				CURRENT_PROJECT_VERSION = 1;
				DEVELOPMENT_ASSET_PATHS = "\"NightWatch/Preview Content\"";
				ENABLE_PREVIEWS = YES;
				GENERATE_INFOPLIST_FILE = YES;
				INFOPLIST_KEY_NSHumanReadableCopyright = "";
				LD_RUNPATH_SEARCH_PATHS = (
					"$(inherited)",
					"@executable_path/../Frameworks",
				);
				MARKETING_VERSION = 1.0;
				PRODUCT_BUNDLE_IDENTIFIER = info.juanmendez.NightWatch;
				PRODUCT_NAME = "$(TARGET_NAME)";
				SUPPORTED_PLATFORMS = "iphoneos iphonesimulator macosx";
				SUPPORTS_MACCATALYST = NO;
				SWIFT_EMIT_LOC_STRINGS = YES;
				SWIFT_VERSION = 5.0;
				TARGETED_DEVICE_FAMILY = 1;
			};
			name = Release;
		};
		5FB8BD1A2D5B9C600068BC68 /* Debug */ = {
			isa = XCBuildConfiguration;
			buildSettings = {
				BUNDLE_LOADER = "$(TEST_HOST)";
				CODE_SIGN_STYLE = Automatic;
				CURRENT_PROJECT_VERSION = 1;
				GENERATE_INFOPLIST_FILE = YES;
				MACOSX_DEPLOYMENT_TARGET = 15.2;
				MARKETING_VERSION = 1.0;
				PRODUCT_BUNDLE_IDENTIFIER = info.juanmendez.NightWatchTests;
				PRODUCT_NAME = "$(TARGET_NAME)";
				SWIFT_EMIT_LOC_STRINGS = NO;
				SWIFT_VERSION = 5.0;
				TEST_HOST = "$(BUILT_PRODUCTS_DIR)/NightWatch.app/$(BUNDLE_EXECUTABLE_FOLDER_PATH)/NightWatch";
			};
			name = Debug;
		};
		5FB8BD1B2D5B9C600068BC68 /* Release */ = {
			isa = XCBuildConfiguration;
			buildSettings = {
				BUNDLE_LOADER = "$(TEST_HOST)";
				CODE_SIGN_STYLE = Automatic;
				CURRENT_PROJECT_VERSION = 1;
				GENERATE_INFOPLIST_FILE = YES;
				MACOSX_DEPLOYMENT_TARGET = 15.2;
				MARKETING_VERSION = 1.0;
				PRODUCT_BUNDLE_IDENTIFIER = info.juanmendez.NightWatchTests;
				PRODUCT_NAME = "$(TARGET_NAME)";
				SWIFT_EMIT_LOC_STRINGS = NO;
				SWIFT_VERSION = 5.0;
				TEST_HOST = "$(BUILT_PRODUCTS_DIR)/NightWatch.app/$(BUNDLE_EXECUTABLE_FOLDER_PATH)/NightWatch";
			};
			name = Release;
		};
		5FB8BD1D2D5B9C600068BC68 /* Debug */ = {
			isa = XCBuildConfiguration;
			buildSettings = {
				CODE_SIGN_STYLE = Automatic;
				CURRENT_PROJECT_VERSION = 1;
				GENERATE_INFOPLIST_FILE = YES;
				MARKETING_VERSION = 1.0;
				PRODUCT_BUNDLE_IDENTIFIER = info.juanmendez.NightWatchUITests;
				PRODUCT_NAME = "$(TARGET_NAME)";
				SWIFT_EMIT_LOC_STRINGS = NO;
				SWIFT_VERSION = 5.0;
				TEST_TARGET_NAME = NightWatch;
			};
			name = Debug;
		};
		5FB8BD1E2D5B9C600068BC68 /* Release */ = {
			isa = XCBuildConfiguration;
			buildSettings = {
				CODE_SIGN_STYLE = Automatic;
				CURRENT_PROJECT_VERSION = 1;
				GENERATE_INFOPLIST_FILE = YES;
				MARKETING_VERSION = 1.0;
				PRODUCT_BUNDLE_IDENTIFIER = info.juanmendez.NightWatchUITests;
				PRODUCT_NAME = "$(TARGET_NAME)";
				SWIFT_EMIT_LOC_STRINGS = NO;
				SWIFT_VERSION = 5.0;
				TEST_TARGET_NAME = NightWatch;
			};
			name = Release;
		};
/* End XCBuildConfiguration section */

/* Begin XCConfigurationList section */
		5FB8BCEC2D5B9C5E0068BC68 /* Build configuration list for PBXProject "NightWatch" */ = {
			isa = XCConfigurationList;
			buildConfigurations = (
				5FB8BD142D5B9C600068BC68 /* Debug */,
				5FB8BD152D5B9C600068BC68 /* Release */,
			);
			defaultConfigurationIsVisible = 0;
			defaultConfigurationName = Release;
		};
		5FB8BD162D5B9C600068BC68 /* Build configuration list for PBXNativeTarget "NightWatch" */ = {
			isa = XCConfigurationList;
			buildConfigurations = (
				5FB8BD172D5B9C600068BC68 /* Debug */,
				5FB8BD182D5B9C600068BC68 /* Release */,
			);
			defaultConfigurationIsVisible = 0;
			defaultConfigurationName = Release;
		};
		5FB8BD192D5B9C600068BC68 /* Build configuration list for PBXNativeTarget "NightWatchTests" */ = {
			isa = XCConfigurationList;
			buildConfigurations = (
				5FB8BD1A2D5B9C600068BC68 /* Debug */,
				5FB8BD1B2D5B9C600068BC68 /* Release */,
			);
			defaultConfigurationIsVisible = 0;
			defaultConfigurationName = Release;
		};
		5FB8BD1C2D5B9C600068BC68 /* Build configuration list for PBXNativeTarget "NightWatchUITests" */ = {
			isa = XCConfigurationList;
			buildConfigurations = (
				5FB8BD1D2D5B9C600068BC68 /* Debug */,
				5FB8BD1E2D5B9C600068BC68 /* Release */,
			);
			defaultConfigurationIsVisible = 0;
			defaultConfigurationName = Release;
		};
/* End XCConfigurationList section */
	};
	rootObject = 5FB8BCE92D5B9C5E0068BC68 /* Project object */;
}
